Microsoft Visual Studio Solution File, Format Version 12.00
# Visual Studio Version 17
VisualStudioVersion = 17.5.2.0
MinimumVisualStudioVersion = 10.0.40219.1
Project("{FAE04EC0-301F-11D3-BF4B-00C04F79EFBC}") = "programa01", "programa01.csproj", "{A2D826F4-958C-A3C4-3213-314418281D72}"
EndProject
Global
	GlobalSection(SolutionConfigurationPlatforms) = preSolution
		Debug|Any CPU = Debug|Any CPU
		Release|Any CPU = Release|Any CPU
	EndGlobalSection
	GlobalSection(ProjectConfigurationPlatforms) = postSolution
		{A2D826F4-958C-A3C4-3213-314418281D72}.Debug|Any CPU.ActiveCfg = Debug|Any CPU
		{A2D826F4-958C-A3C4-3213-314418281D72}.Debug|Any CPU.Build.0 = Debug|Any CPU
		{A2D826F4-958C-A3C4-3213-314418281D72}.Release|Any CPU.ActiveCfg = Release|Any CPU
		{A2D826F4-958C-A3C4-3213-314418281D72}.Release|Any CPU.Build.0 = Release|Any CPU
	EndGlobalSection
	GlobalSection(SolutionProperties) = preSolution
		HideSolutionNode = FALSE
	EndGlobalSection
	GlobalSection(ExtensibilityGlobals) = postSolution
		SolutionGuid = {F8FDB365-9CC8-49DF-8098-0605C921EFE0}
	EndGlobalSection
EndGlobal
