Microsoft Visual Studio Solution File, Format Version 12.00
# Visual Studio Version 17
VisualStudioVersion = 17.5.2.0
MinimumVisualStudioVersion = 10.0.40219.1
Project("{FAE04EC0-301F-11D3-BF4B-00C04F79EFBC}") = "programa02", "programa02.csproj", "{336867AD-5A16-0FBF-5843-9238FC7D7A88}"
EndProject
Global
	GlobalSection(SolutionConfigurationPlatforms) = preSolution
		Debug|Any CPU = Debug|Any CPU
		Release|Any CPU = Release|Any CPU
	EndGlobalSection
	GlobalSection(ProjectConfigurationPlatforms) = postSolution
		{336867AD-5A16-0FBF-5843-9238FC7D7A88}.Debug|Any CPU.ActiveCfg = Debug|Any CPU
		{336867AD-5A16-0FBF-5843-9238FC7D7A88}.Debug|Any CPU.Build.0 = Debug|Any CPU
		{336867AD-5A16-0FBF-5843-9238FC7D7A88}.Release|Any CPU.ActiveCfg = Release|Any CPU
		{336867AD-5A16-0FBF-5843-9238FC7D7A88}.Release|Any CPU.Build.0 = Release|Any CPU
	EndGlobalSection
	GlobalSection(SolutionProperties) = preSolution
		HideSolutionNode = FALSE
	EndGlobalSection
	GlobalSection(ExtensibilityGlobals) = postSolution
		SolutionGuid = {99FAE614-962B-41FA-9C5E-29FD3A7A17F1}
	EndGlobalSection
EndGlobal
