Microsoft Visual Studio Solution File, Format Version 12.00
# Visual Studio Version 17
VisualStudioVersion = 17.5.2.0
MinimumVisualStudioVersion = 10.0.40219.1
Project("{FAE04EC0-301F-11D3-BF4B-00C04F79EFBC}") = "programa04", "programa04.csproj", "{CBAC3634-3B95-AEF9-B517-D2C114D974C5}"
EndProject
Global
	GlobalSection(SolutionConfigurationPlatforms) = preSolution
		Debug|Any CPU = Debug|Any CPU
		Release|Any CPU = Release|Any CPU
	EndGlobalSection
	GlobalSection(ProjectConfigurationPlatforms) = postSolution
		{CBAC3634-3B95-AEF9-B517-D2C114D974C5}.Debug|Any CPU.ActiveCfg = Debug|Any CPU
		{CBAC3634-3B95-AEF9-B517-D2C114D974C5}.Debug|Any CPU.Build.0 = Debug|Any CPU
		{CBAC3634-3B95-AEF9-B517-D2C114D974C5}.Release|Any CPU.ActiveCfg = Release|Any CPU
		{CBAC3634-3B95-AEF9-B517-D2C114D974C5}.Release|Any CPU.Build.0 = Release|Any CPU
	EndGlobalSection
	GlobalSection(SolutionProperties) = preSolution
		HideSolutionNode = FALSE
	EndGlobalSection
	GlobalSection(ExtensibilityGlobals) = postSolution
		SolutionGuid = {B7E53123-FEBE-413D-BEEA-AFC3474070A9}
	EndGlobalSection
EndGlobal
